
Microsoft Visual Studio Solution File, Format Version 12.00
# Visual Studio Version 17
VisualStudioVersion = 17.0.32014.148
MinimumVisualStudioVersion = 10.0.40219.1
Project("{FAE04EC0-301F-11D3-BF4B-00C04F79EFBC}") = "AutoTestFramework", "AutoTestFramework.csproj", "{62B9A3EB-8C3D-49E8-AEB3-6DF056D7B01B}"
EndProject
Global
	GlobalSection(SolutionConfigurationPlatforms) = preSolution
		Debug|Any CPU = Debug|Any CPU
		Release|Any CPU = Release|Any CPU
	EndGlobalSection
	GlobalSection(ProjectConfigurationPlatforms) = postSolution
		{62B9A3EB-8C3D-49E8-AEB3-6DF056D7B01B}.Debug|Any CPU.ActiveCfg = Debug|Any CPU
		{62B9A3EB-8C3D-49E8-AEB3-6DF056D7B01B}.Debug|Any CPU.Build.0 = Debug|Any CPU
		{62B9A3EB-8C3D-49E8-AEB3-6DF056D7B01B}.Release|Any CPU.ActiveCfg = Release|Any CPU
		{62B9A3EB-8C3D-49E8-AEB3-6DF056D7B01B}.Release|Any CPU.Build.0 = Release|Any CPU
	EndGlobalSection
	GlobalSection(SolutionProperties) = preSolution
		HideSolutionNode = FALSE
	EndGlobalSection
	GlobalSection(ExtensibilityGlobals) = postSolution
		SolutionGuid = {A38B59EC-460B-4123-B6A9-0C58563E6906}
	EndGlobalSection
EndGlobal
